// !$*UTF8*$!
{
	archiveVersion = 1;
	classes = {
	};
	objectVersion = 56;
	objects = {

/* Begin PBXBuildFile section */
		8414C4D32AC883BE00AC0AD1 /* AppDelegate.swift in Sources */ = {isa = PBXBuildFile; fileRef = 8414C4D22AC883BE00AC0AD1 /* AppDelegate.swift */; };
		8414C4D52AC883BE00AC0AD1 /* SceneDelegate.swift in Sources */ = {isa = PBXBuildFile; fileRef = 8414C4D42AC883BE00AC0AD1 /* SceneDelegate.swift */; };
		8414C4D72AC883BE00AC0AD1 /* CollectionViewVC.swift in Sources */ = {isa = PBXBuildFile; fileRef = 8414C4D62AC883BE00AC0AD1 /* CollectionViewVC.swift */; };
		8414C4DA2AC883BE00AC0AD1 /* Main.storyboard in Resources */ = {isa = PBXBuildFile; fileRef = 8414C4D82AC883BE00AC0AD1 /* Main.storyboard */; };
		8414C4DC2AC883C000AC0AD1 /* Assets.xcassets in Resources */ = {isa = PBXBuildFile; fileRef = 8414C4DB2AC883C000AC0AD1 /* Assets.xcassets */; };
		8414C4DF2AC883C000AC0AD1 /* LaunchScreen.storyboard in Resources */ = {isa = PBXBuildFile; fileRef = 8414C4DD2AC883C000AC0AD1 /* LaunchScreen.storyboard */; };
		8414C4E92AC9643000AC0AD1 /* CollectionViewCell.swift in Sources */ = {isa = PBXBuildFile; fileRef = 8414C4E82AC9643000AC0AD1 /* CollectionViewCell.swift */; };
		8414C4EB2AC97F9D00AC0AD1 /* SupplementaryView.swift in Sources */ = {isa = PBXBuildFile; fileRef = 8414C4EA2AC97F9D00AC0AD1 /* SupplementaryView.swift */; };
/* End PBXBuildFile section */

/* Begin PBXFileReference section */
		8414C4CF2AC883BE00AC0AD1 /* Tracker.app */ = {isa = PBXFileReference; explicitFileType = wrapper.application; includeInIndex = 0; path = Tracker.app; sourceTree = BUILT_PRODUCTS_DIR; };
		8414C4D22AC883BE00AC0AD1 /* AppDelegate.swift */ = {isa = PBXFileReference; lastKnownFileType = sourcecode.swift; path = AppDelegate.swift; sourceTree = "<group>"; };
		8414C4D42AC883BE00AC0AD1 /* SceneDelegate.swift */ = {isa = PBXFileReference; lastKnownFileType = sourcecode.swift; path = SceneDelegate.swift; sourceTree = "<group>"; };
		8414C4D62AC883BE00AC0AD1 /* CollectionViewVC.swift */ = {isa = PBXFileReference; lastKnownFileType = sourcecode.swift; path = CollectionViewVC.swift; sourceTree = "<group>"; };
		8414C4D92AC883BE00AC0AD1 /* Base */ = {isa = PBXFileReference; lastKnownFileType = file.storyboard; name = Base; path = Base.lproj/Main.storyboard; sourceTree = "<group>"; };
		8414C4DB2AC883C000AC0AD1 /* Assets.xcassets */ = {isa = PBXFileReference; lastKnownFileType = folder.assetcatalog; path = Assets.xcassets; sourceTree = "<group>"; };
		8414C4DE2AC883C000AC0AD1 /* Base */ = {isa = PBXFileReference; lastKnownFileType = file.storyboard; name = Base; path = Base.lproj/LaunchScreen.storyboard; sourceTree = "<group>"; };
		8414C4E02AC883C000AC0AD1 /* Info.plist */ = {isa = PBXFileReference; lastKnownFileType = text.plist.xml; path = Info.plist; sourceTree = "<group>"; };
		8414C4E82AC9643000AC0AD1 /* CollectionViewCell.swift */ = {isa = PBXFileReference; lastKnownFileType = sourcecode.swift; path = CollectionViewCell.swift; sourceTree = "<group>"; };
		8414C4EA2AC97F9D00AC0AD1 /* SupplementaryView.swift */ = {isa = PBXFileReference; lastKnownFileType = sourcecode.swift; path = SupplementaryView.swift; sourceTree = "<group>"; };
/* End PBXFileReference section */

/* Begin PBXFrameworksBuildPhase section */
		8414C4CC2AC883BE00AC0AD1 /* Frameworks */ = {
			isa = PBXFrameworksBuildPhase;
			buildActionMask = 2147483647;
			files = (
			);
			runOnlyForDeploymentPostprocessing = 0;
		};
/* End PBXFrameworksBuildPhase section */

/* Begin PBXGroup section */
		8414C4C62AC883BE00AC0AD1 = {
			isa = PBXGroup;
			children = (
				8414C4D12AC883BE00AC0AD1 /* Tracker */,
				8414C4D02AC883BE00AC0AD1 /* Products */,
			);
			sourceTree = "<group>";
		};
		8414C4D02AC883BE00AC0AD1 /* Products */ = {
			isa = PBXGroup;
			children = (
				8414C4CF2AC883BE00AC0AD1 /* Tracker.app */,
			);
			name = Products;
			sourceTree = "<group>";
		};
		8414C4D12AC883BE00AC0AD1 /* Tracker */ = {
			isa = PBXGroup;
			children = (
				8414C4D22AC883BE00AC0AD1 /* AppDelegate.swift */,
				8414C4D42AC883BE00AC0AD1 /* SceneDelegate.swift */,
				8414C4EC2AC97FAB00AC0AD1 /* CollectionView */,
				8414C4D82AC883BE00AC0AD1 /* Main.storyboard */,
				8414C4DD2AC883C000AC0AD1 /* LaunchScreen.storyboard */,
				8414C4DB2AC883C000AC0AD1 /* Assets.xcassets */,
				8414C4E02AC883C000AC0AD1 /* Info.plist */,
			);
			path = Tracker;
			sourceTree = "<group>";
		};
		8414C4EC2AC97FAB00AC0AD1 /* CollectionView */ = {
			isa = PBXGroup;
			children = (
				8414C4D62AC883BE00AC0AD1 /* CollectionViewVC.swift */,
				8414C4E82AC9643000AC0AD1 /* CollectionViewCell.swift */,
				8414C4EA2AC97F9D00AC0AD1 /* SupplementaryView.swift */,
			);
			path = CollectionView;
			sourceTree = "<group>";
		};
/* End PBXGroup section */

/* Begin PBXNativeTarget section */
		8414C4CE2AC883BE00AC0AD1 /* Tracker */ = {
			isa = PBXNativeTarget;
			buildConfigurationList = 8414C4E32AC883C000AC0AD1 /* Build configuration list for PBXNativeTarget "Tracker" */;
			buildPhases = (
				8414C4CB2AC883BE00AC0AD1 /* Sources */,
				8414C4CC2AC883BE00AC0AD1 /* Frameworks */,
				8414C4CD2AC883BE00AC0AD1 /* Resources */,
			);
			buildRules = (
			);
			dependencies = (
			);
			name = Tracker;
			productName = Tracker;
			productReference = 8414C4CF2AC883BE00AC0AD1 /* Tracker.app */;
			productType = "com.apple.product-type.application";
		};
/* End PBXNativeTarget section */

/* Begin PBXProject section */
		8414C4C72AC883BE00AC0AD1 /* Project object */ = {
			isa = PBXProject;
			attributes = {
				BuildIndependentTargetsInParallel = 1;
				LastSwiftUpdateCheck = 1420;
				LastUpgradeCheck = 1420;
				TargetAttributes = {
					8414C4CE2AC883BE00AC0AD1 = {
						CreatedOnToolsVersion = 14.2;
					};
				};
			};
			buildConfigurationList = 8414C4CA2AC883BE00AC0AD1 /* Build configuration list for PBXProject "Tracker" */;
			compatibilityVersion = "Xcode 14.0";
			developmentRegion = en;
			hasScannedForEncodings = 0;
			knownRegions = (
				en,
				Base,
			);
			mainGroup = 8414C4C62AC883BE00AC0AD1;
			productRefGroup = 8414C4D02AC883BE00AC0AD1 /* Products */;
			projectDirPath = "";
			projectRoot = "";
			targets = (
				8414C4CE2AC883BE00AC0AD1 /* Tracker */,
			);
		};
/* End PBXProject section */

/* Begin PBXResourcesBuildPhase section */
		8414C4CD2AC883BE00AC0AD1 /* Resources */ = {
			isa = PBXResourcesBuildPhase;
			buildActionMask = 2147483647;
			files = (
				8414C4DF2AC883C000AC0AD1 /* LaunchScreen.storyboard in Resources */,
				8414C4DC2AC883C000AC0AD1 /* Assets.xcassets in Resources */,
				8414C4DA2AC883BE00AC0AD1 /* Main.storyboard in Resources */,
			);
			runOnlyForDeploymentPostprocessing = 0;
		};
/* End PBXResourcesBuildPhase section */

/* Begin PBXSourcesBuildPhase section */
		8414C4CB2AC883BE00AC0AD1 /* Sources */ = {
			isa = PBXSourcesBuildPhase;
			buildActionMask = 2147483647;
			files = (
				8414C4D72AC883BE00AC0AD1 /* CollectionViewVC.swift in Sources */,
				8414C4D32AC883BE00AC0AD1 /* AppDelegate.swift in Sources */,
				8414C4EB2AC97F9D00AC0AD1 /* SupplementaryView.swift in Sources */,
				8414C4E92AC9643000AC0AD1 /* CollectionViewCell.swift in Sources */,
				8414C4D52AC883BE00AC0AD1 /* SceneDelegate.swift in Sources */,
			);
			runOnlyForDeploymentPostprocessing = 0;
		};
/* End PBXSourcesBuildPhase section */

/* Begin PBXVariantGroup section */
		8414C4D82AC883BE00AC0AD1 /* Main.storyboard */ = {
			isa = PBXVariantGroup;
			children = (
				8414C4D92AC883BE00AC0AD1 /* Base */,
			);
			name = Main.storyboard;
			sourceTree = "<group>";
		};
		8414C4DD2AC883C000AC0AD1 /* LaunchScreen.storyboard */ = {
			isa = PBXVariantGroup;
			children = (
				8414C4DE2AC883C000AC0AD1 /* Base */,
			);
			name = LaunchScreen.storyboard;
			sourceTree = "<group>";
		};
/* End PBXVariantGroup section */

/* Begin XCBuildConfiguration section */
		8414C4E12AC883C000AC0AD1 /* Debug */ = {
			isa = XCBuildConfiguration;
			buildSettings = {
				ALWAYS_SEARCH_USER_PATHS = NO;
				CLANG_ANALYZER_NONNULL = YES;
				CLANG_ANALYZER_NUMBER_OBJECT_CONVERSION = YES_AGGRESSIVE;
				CLANG_CXX_LANGUAGE_STANDARD = "gnu++20";
				CLANG_ENABLE_MODULES = YES;
				CLANG_ENABLE_OBJC_ARC = YES;
				CLANG_ENABLE_OBJC_WEAK = YES;
				CLANG_WARN_BLOCK_CAPTURE_AUTORELEASING = YES;
				CLANG_WARN_BOOL_CONVERSION = YES;
				CLANG_WARN_COMMA = YES;
				CLANG_WARN_CONSTANT_CONVERSION = YES;
				CLANG_WARN_DEPRECATED_OBJC_IMPLEMENTATIONS = YES;
				CLANG_WARN_DIRECT_OBJC_ISA_USAGE = YES_ERROR;
				CLANG_WARN_DOCUMENTATION_COMMENTS = YES;
				CLANG_WARN_EMPTY_BODY = YES;
				CLANG_WARN_ENUM_CONVERSION = YES;
				CLANG_WARN_INFINITE_RECURSION = YES;
				CLANG_WARN_INT_CONVERSION = YES;
				CLANG_WARN_NON_LITERAL_NULL_CONVERSION = YES;
				CLANG_WARN_OBJC_IMPLICIT_RETAIN_SELF = YES;
				CLANG_WARN_OBJC_LITERAL_CONVERSION = YES;
				CLANG_WARN_OBJC_ROOT_CLASS = YES_ERROR;
				CLANG_WARN_QUOTED_INCLUDE_IN_FRAMEWORK_HEADER = YES;
				CLANG_WARN_RANGE_LOOP_ANALYSIS = YES;
				CLANG_WARN_STRICT_PROTOTYPES = YES;
				CLANG_WARN_SUSPICIOUS_MOVE = YES;
				CLANG_WARN_UNGUARDED_AVAILABILITY = YES_AGGRESSIVE;
				CLANG_WARN_UNREACHABLE_CODE = YES;
				CLANG_WARN__DUPLICATE_METHOD_MATCH = YES;
				COPY_PHASE_STRIP = NO;
				DEBUG_INFORMATION_FORMAT = dwarf;
				ENABLE_STRICT_OBJC_MSGSEND = YES;
				ENABLE_TESTABILITY = YES;
				GCC_C_LANGUAGE_STANDARD = gnu11;
				GCC_DYNAMIC_NO_PIC = NO;
				GCC_NO_COMMON_BLOCKS = YES;
				GCC_OPTIMIZATION_LEVEL = 0;
				GCC_PREPROCESSOR_DEFINITIONS = (
					"DEBUG=1",
					"$(inherited)",
				);
				GCC_WARN_64_TO_32_BIT_CONVERSION = YES;
				GCC_WARN_ABOUT_RETURN_TYPE = YES_ERROR;
				GCC_WARN_UNDECLARED_SELECTOR = YES;
				GCC_WARN_UNINITIALIZED_AUTOS = YES_AGGRESSIVE;
				GCC_WARN_UNUSED_FUNCTION = YES;
				GCC_WARN_UNUSED_VARIABLE = YES;
				IPHONEOS_DEPLOYMENT_TARGET = 16.2;
				MTL_ENABLE_DEBUG_INFO = INCLUDE_SOURCE;
				MTL_FAST_MATH = YES;
				ONLY_ACTIVE_ARCH = YES;
				SDKROOT = iphoneos;
				SWIFT_ACTIVE_COMPILATION_CONDITIONS = DEBUG;
				SWIFT_OPTIMIZATION_LEVEL = "-Onone";
			};
			name = Debug;
		};
		8414C4E22AC883C000AC0AD1 /* Release */ = {
			isa = XCBuildConfiguration;
			buildSettings = {
				ALWAYS_SEARCH_USER_PATHS = NO;
				CLANG_ANALYZER_NONNULL = YES;
				CLANG_ANALYZER_NUMBER_OBJECT_CONVERSION = YES_AGGRESSIVE;
				CLANG_CXX_LANGUAGE_STANDARD = "gnu++20";
				CLANG_ENABLE_MODULES = YES;
				CLANG_ENABLE_OBJC_ARC = YES;
				CLANG_ENABLE_OBJC_WEAK = YES;
				CLANG_WARN_BLOCK_CAPTURE_AUTORELEASING = YES;
				CLANG_WARN_BOOL_CONVERSION = YES;
				CLANG_WARN_COMMA = YES;
				CLANG_WARN_CONSTANT_CONVERSION = YES;
				CLANG_WARN_DEPRECATED_OBJC_IMPLEMENTATIONS = YES;
				CLANG_WARN_DIRECT_OBJC_ISA_USAGE = YES_ERROR;
				CLANG_WARN_DOCUMENTATION_COMMENTS = YES;
				CLANG_WARN_EMPTY_BODY = YES;
				CLANG_WARN_ENUM_CONVERSION = YES;
				CLANG_WARN_INFINITE_RECURSION = YES;
				CLANG_WARN_INT_CONVERSION = YES;
				CLANG_WARN_NON_LITERAL_NULL_CONVERSION = YES;
				CLANG_WARN_OBJC_IMPLICIT_RETAIN_SELF = YES;
				CLANG_WARN_OBJC_LITERAL_CONVERSION = YES;
				CLANG_WARN_OBJC_ROOT_CLASS = YES_ERROR;
				CLANG_WARN_QUOTED_INCLUDE_IN_FRAMEWORK_HEADER = YES;
				CLANG_WARN_RANGE_LOOP_ANALYSIS = YES;
				CLANG_WARN_STRICT_PROTOTYPES = YES;
				CLANG_WARN_SUSPICIOUS_MOVE = YES;
				CLANG_WARN_UNGUARDED_AVAILABILITY = YES_AGGRESSIVE;
				CLANG_WARN_UNREACHABLE_CODE = YES;
				CLANG_WARN__DUPLICATE_METHOD_MATCH = YES;
				COPY_PHASE_STRIP = NO;
				DEBUG_INFORMATION_FORMAT = "dwarf-with-dsym";
				ENABLE_NS_ASSERTIONS = NO;
				ENABLE_STRICT_OBJC_MSGSEND = YES;
				GCC_C_LANGUAGE_STANDARD = gnu11;
				GCC_NO_COMMON_BLOCKS = YES;
				GCC_WARN_64_TO_32_BIT_CONVERSION = YES;
				GCC_WARN_ABOUT_RETURN_TYPE = YES_ERROR;
				GCC_WARN_UNDECLARED_SELECTOR = YES;
				GCC_WARN_UNINITIALIZED_AUTOS = YES_AGGRESSIVE;
				GCC_WARN_UNUSED_FUNCTION = YES;
				GCC_WARN_UNUSED_VARIABLE = YES;
				IPHONEOS_DEPLOYMENT_TARGET = 16.2;
				MTL_ENABLE_DEBUG_INFO = NO;
				MTL_FAST_MATH = YES;
				SDKROOT = iphoneos;
				SWIFT_COMPILATION_MODE = wholemodule;
				SWIFT_OPTIMIZATION_LEVEL = "-O";
				VALIDATE_PRODUCT = YES;
			};
			name = Release;
		};
		8414C4E42AC883C000AC0AD1 /* Debug */ = {
			isa = XCBuildConfiguration;
			buildSettings = {
				ASSETCATALOG_COMPILER_APPICON_NAME = AppIcon;
				ASSETCATALOG_COMPILER_GLOBAL_ACCENT_COLOR_NAME = AccentColor;
				CODE_SIGN_STYLE = Automatic;
				CURRENT_PROJECT_VERSION = 1;
				DEVELOPMENT_TEAM = Q9BL3YJ6S3;
				GENERATE_INFOPLIST_FILE = YES;
				INFOPLIST_FILE = Tracker/Info.plist;
				INFOPLIST_KEY_UIApplicationSupportsIndirectInputEvents = YES;
				INFOPLIST_KEY_UILaunchStoryboardName = LaunchScreen.storyboard;
				INFOPLIST_KEY_UIMainStoryboardFile = Main;
				INFOPLIST_KEY_UISupportedInterfaceOrientations = UIInterfaceOrientationPortrait;
				INFOPLIST_KEY_UISupportedInterfaceOrientations_iPad = "UIInterfaceOrientationLandscapeLeft UIInterfaceOrientationLandscapeRight UIInterfaceOrientationPortrait UIInterfaceOrientationPortraitUpsideDown";
				IPHONEOS_DEPLOYMENT_TARGET = 13.4;
				LD_RUNPATH_SEARCH_PATHS = (
					"$(inherited)",
					"@executable_path/Frameworks",
				);
				MARKETING_VERSION = 1.0;
				PRODUCT_BUNDLE_IDENTIFIER = ru.yandex.practicum.ognerub.Tracker;
				PRODUCT_NAME = "$(TARGET_NAME)";
				SUPPORTED_PLATFORMS = "iphoneos iphonesimulator";
				SUPPORTS_MACCATALYST = NO;
				SUPPORTS_MAC_DESIGNED_FOR_IPHONE_IPAD = NO;
				SWIFT_EMIT_LOC_STRINGS = YES;
				SWIFT_VERSION = 5.0;
				TARGETED_DEVICE_FAMILY = 1;
			};
			name = Debug;
		};
		8414C4E52AC883C000AC0AD1 /* Release */ = {
			isa = XCBuildConfiguration;
			buildSettings = {
				ASSETCATALOG_COMPILER_APPICON_NAME = AppIcon;
				ASSETCATALOG_COMPILER_GLOBAL_ACCENT_COLOR_NAME = AccentColor;
				CODE_SIGN_STYLE = Automatic;
				CURRENT_PROJECT_VERSION = 1;
				DEVELOPMENT_TEAM = Q9BL3YJ6S3;
				GENERATE_INFOPLIST_FILE = YES;
				INFOPLIST_FILE = Tracker/Info.plist;
				INFOPLIST_KEY_UIApplicationSupportsIndirectInputEvents = YES;
				INFOPLIST_KEY_UILaunchStoryboardName = LaunchScreen.storyboard;
				INFOPLIST_KEY_UIMainStoryboardFile = Main;
				INFOPLIST_KEY_UISupportedInterfaceOrientations = UIInterfaceOrientationPortrait;
				INFOPLIST_KEY_UISupportedInterfaceOrientations_iPad = "UIInterfaceOrientationLandscapeLeft UIInterfaceOrientationLandscapeRight UIInterfaceOrientationPortrait UIInterfaceOrientationPortraitUpsideDown";
				IPHONEOS_DEPLOYMENT_TARGET = 13.4;
				LD_RUNPATH_SEARCH_PATHS = (
					"$(inherited)",
					"@executable_path/Frameworks",
				);
				MARKETING_VERSION = 1.0;
				PRODUCT_BUNDLE_IDENTIFIER = ru.yandex.practicum.ognerub.Tracker;
				PRODUCT_NAME = "$(TARGET_NAME)";
				SUPPORTED_PLATFORMS = "iphoneos iphonesimulator";
				SUPPORTS_MACCATALYST = NO;
				SUPPORTS_MAC_DESIGNED_FOR_IPHONE_IPAD = NO;
				SWIFT_EMIT_LOC_STRINGS = YES;
				SWIFT_VERSION = 5.0;
				TARGETED_DEVICE_FAMILY = 1;
			};
			name = Release;
		};
/* End XCBuildConfiguration section */

/* Begin XCConfigurationList section */
		8414C4CA2AC883BE00AC0AD1 /* Build configuration list for PBXProject "Tracker" */ = {
			isa = XCConfigurationList;
			buildConfigurations = (
				8414C4E12AC883C000AC0AD1 /* Debug */,
				8414C4E22AC883C000AC0AD1 /* Release */,
			);
			defaultConfigurationIsVisible = 0;
			defaultConfigurationName = Release;
		};
		8414C4E32AC883C000AC0AD1 /* Build configuration list for PBXNativeTarget "Tracker" */ = {
			isa = XCConfigurationList;
			buildConfigurations = (
				8414C4E42AC883C000AC0AD1 /* Debug */,
				8414C4E52AC883C000AC0AD1 /* Release */,
			);
			defaultConfigurationIsVisible = 0;
			defaultConfigurationName = Release;
		};
/* End XCConfigurationList section */
	};
	rootObject = 8414C4C72AC883BE00AC0AD1 /* Project object */;
}
